
Microsoft Visual Studio Solution File, Format Version 12.00
# Visual Studio Version 16
VisualStudioVersion = 16.0.30330.147
MinimumVisualStudioVersion = 10.0.40219.1
Project("{8BC9CEB8-8B4A-11D0-8D11-00A0C91BC942}") = "Demo 101", "Demo 101\Demo 101.vcxproj", "{600791F8-68A2-44BA-BF93-BC8FBC6FD77E}"
EndProject
Global
	GlobalSection(SolutionConfigurationPlatforms) = preSolution
		Debug|x64 = Debug|x64
		Debug|x86 = Debug|x86
		Release|x64 = Release|x64
		Release|x86 = Release|x86
	EndGlobalSection
	GlobalSection(ProjectConfigurationPlatforms) = postSolution
		{600791F8-68A2-44BA-BF93-BC8FBC6FD77E}.Debug|x64.ActiveCfg = Debug|x64
		{600791F8-68A2-44BA-BF93-BC8FBC6FD77E}.Debug|x64.Build.0 = Debug|x64
		{600791F8-68A2-44BA-BF93-BC8FBC6FD77E}.Debug|x86.ActiveCfg = Debug|Win32
		{600791F8-68A2-44BA-BF93-BC8FBC6FD77E}.Debug|x86.Build.0 = Debug|Win32
		{600791F8-68A2-44BA-BF93-BC8FBC6FD77E}.Release|x64.ActiveCfg = Release|x64
		{600791F8-68A2-44BA-BF93-BC8FBC6FD77E}.Release|x64.Build.0 = Release|x64
		{600791F8-68A2-44BA-BF93-BC8FBC6FD77E}.Release|x86.ActiveCfg = Release|Win32
		{600791F8-68A2-44BA-BF93-BC8FBC6FD77E}.Release|x86.Build.0 = Release|Win32
	EndGlobalSection
	GlobalSection(SolutionProperties) = preSolution
		HideSolutionNode = FALSE
	EndGlobalSection
	GlobalSection(ExtensibilityGlobals) = postSolution
		SolutionGuid = {6242E8C7-1577-4FAE-9D85-C8E547EF0280}
	EndGlobalSection
EndGlobal
